
Microsoft Visual Studio Solution File, Format Version 12.00
# Visual Studio Version 16
VisualStudioVersion = 16.0.32510.428
MinimumVisualStudioVersion = 10.0.40219.1
Project("{FAE04EC0-301F-11D3-BF4B-00C04F79EFBC}") = "ConsoleExcel", "ConsoleExcel\ConsoleExcel.csproj", "{DECFD29A-D08F-410B-9293-4EA1D8679323}"
EndProject
Global
	GlobalSection(SolutionConfigurationPlatforms) = preSolution
		Debug|Any CPU = Debug|Any CPU
		Release|Any CPU = Release|Any CPU
	EndGlobalSection
	GlobalSection(ProjectConfigurationPlatforms) = postSolution
		{DECFD29A-D08F-410B-9293-4EA1D8679323}.Debug|Any CPU.ActiveCfg = Debug|Any CPU
		{DECFD29A-D08F-410B-9293-4EA1D8679323}.Debug|Any CPU.Build.0 = Debug|Any CPU
		{DECFD29A-D08F-410B-9293-4EA1D8679323}.Release|Any CPU.ActiveCfg = Release|Any CPU
		{DECFD29A-D08F-410B-9293-4EA1D8679323}.Release|Any CPU.Build.0 = Release|Any CPU
	EndGlobalSection
	GlobalSection(SolutionProperties) = preSolution
		HideSolutionNode = FALSE
	EndGlobalSection
	GlobalSection(ExtensibilityGlobals) = postSolution
		SolutionGuid = {533D96F5-2DA2-4F8B-B3EE-C29A50F46994}
	EndGlobalSection
EndGlobal
